
Microsoft Visual Studio Solution File, Format Version 12.00
# Visual Studio Version 16
VisualStudioVersion = 16.0.31005.135
MinimumVisualStudioVersion = 10.0.40219.1
Project("{FAE04EC0-301F-11D3-BF4B-00C04F79EFBC}") = "Engine", "Engine\Engine.csproj", "{D4AF71C2-CB41-4AD4-9482-425F5C664678}"
EndProject
Project("{8BC9CEB8-8B4A-11D0-8D11-00A0C91BC942}") = "Starter", "Starter\Starter.vcxproj", "{065586B9-1541-4A69-ACC2-FCBBB4770A89}"
EndProject
Global
	GlobalSection(SolutionConfigurationPlatforms) = preSolution
		Debug|Any CPU = Debug|Any CPU
		Debug|x64 = Debug|x64
		Debug|x86 = Debug|x86
		Release|Any CPU = Release|Any CPU
		Release|x64 = Release|x64
		Release|x86 = Release|x86
	EndGlobalSection
	GlobalSection(ProjectConfigurationPlatforms) = postSolution
		{D4AF71C2-CB41-4AD4-9482-425F5C664678}.Debug|Any CPU.ActiveCfg = Debug|Any CPU
		{D4AF71C2-CB41-4AD4-9482-425F5C664678}.Debug|Any CPU.Build.0 = Debug|Any CPU
		{D4AF71C2-CB41-4AD4-9482-425F5C664678}.Debug|x64.ActiveCfg = Debug|Any CPU
		{D4AF71C2-CB41-4AD4-9482-425F5C664678}.Debug|x64.Build.0 = Debug|Any CPU
		{D4AF71C2-CB41-4AD4-9482-425F5C664678}.Debug|x86.ActiveCfg = Debug|Any CPU
		{D4AF71C2-CB41-4AD4-9482-425F5C664678}.Debug|x86.Build.0 = Debug|Any CPU
		{D4AF71C2-CB41-4AD4-9482-425F5C664678}.Release|Any CPU.ActiveCfg = Release|Any CPU
		{D4AF71C2-CB41-4AD4-9482-425F5C664678}.Release|Any CPU.Build.0 = Release|Any CPU
		{D4AF71C2-CB41-4AD4-9482-425F5C664678}.Release|x64.ActiveCfg = Release|Any CPU
		{D4AF71C2-CB41-4AD4-9482-425F5C664678}.Release|x64.Build.0 = Release|Any CPU
		{D4AF71C2-CB41-4AD4-9482-425F5C664678}.Release|x86.ActiveCfg = Release|Any CPU
		{D4AF71C2-CB41-4AD4-9482-425F5C664678}.Release|x86.Build.0 = Release|Any CPU
		{065586B9-1541-4A69-ACC2-FCBBB4770A89}.Debug|Any CPU.ActiveCfg = Debug|Win32
		{065586B9-1541-4A69-ACC2-FCBBB4770A89}.Debug|x64.ActiveCfg = Debug|x64
		{065586B9-1541-4A69-ACC2-FCBBB4770A89}.Debug|x64.Build.0 = Debug|x64
		{065586B9-1541-4A69-ACC2-FCBBB4770A89}.Debug|x86.ActiveCfg = Debug|Win32
		{065586B9-1541-4A69-ACC2-FCBBB4770A89}.Debug|x86.Build.0 = Debug|Win32
		{065586B9-1541-4A69-ACC2-FCBBB4770A89}.Release|Any CPU.ActiveCfg = Release|Win32
		{065586B9-1541-4A69-ACC2-FCBBB4770A89}.Release|Any CPU.Build.0 = Release|Win32
		{065586B9-1541-4A69-ACC2-FCBBB4770A89}.Release|x64.ActiveCfg = Release|x64
		{065586B9-1541-4A69-ACC2-FCBBB4770A89}.Release|x64.Build.0 = Release|x64
		{065586B9-1541-4A69-ACC2-FCBBB4770A89}.Release|x86.ActiveCfg = Release|Win32
		{065586B9-1541-4A69-ACC2-FCBBB4770A89}.Release|x86.Build.0 = Release|Win32
	EndGlobalSection
	GlobalSection(SolutionProperties) = preSolution
		HideSolutionNode = FALSE
	EndGlobalSection
	GlobalSection(ExtensibilityGlobals) = postSolution
		SolutionGuid = {81895197-7954-44E8-B37E-BE185191FAD3}
	EndGlobalSection
EndGlobal
